
Microsoft Visual Studio Solution File, Format Version 12.00
# Visual Studio Version 17
VisualStudioVersion = 17.8.34525.116
MinimumVisualStudioVersion = 10.0.40219.1
Project("{FAE04EC0-301F-11D3-BF4B-00C04F79EFBC}") = "Store", "Store\Store.csproj", "{BB796A64-9392-40F4-A2B0-6B1FA0064043}"
EndProject
Global
	GlobalSection(SolutionConfigurationPlatforms) = preSolution
		Debug|Any CPU = Debug|Any CPU
		Release|Any CPU = Release|Any CPU
	EndGlobalSection
	GlobalSection(ProjectConfigurationPlatforms) = postSolution
		{BB796A64-9392-40F4-A2B0-6B1FA0064043}.Debug|Any CPU.ActiveCfg = Debug|Any CPU
		{BB796A64-9392-40F4-A2B0-6B1FA0064043}.Debug|Any CPU.Build.0 = Debug|Any CPU
		{BB796A64-9392-40F4-A2B0-6B1FA0064043}.Release|Any CPU.ActiveCfg = Release|Any CPU
		{BB796A64-9392-40F4-A2B0-6B1FA0064043}.Release|Any CPU.Build.0 = Release|Any CPU
	EndGlobalSection
	GlobalSection(SolutionProperties) = preSolution
		HideSolutionNode = FALSE
	EndGlobalSection
	GlobalSection(ExtensibilityGlobals) = postSolution
		SolutionGuid = {B609B5D1-D09B-449A-8455-04FF8FA37CF0}
	EndGlobalSection
EndGlobal
